Microsoft Visual Studio Solution File, Format Version 12.00
# Visual Studio Version 17
VisualStudioVersion = 17.0.31903.59
MinimumVisualStudioVersion = 10.0.40219.1
Project("{FAE04EC0-301F-11D3-BF4B-00C04F79EFBC}") = "Footballer.Simulation.Core", "src\Footballer.Simulation.Core\Footballer.Simulation.Core.csproj", "{A1C6DE80-5C52-4A86-91D3-7E841D0F12A1}"
EndProject
Project("{FAE04EC0-301F-11D3-BF4B-00C04F79EFBC}") = "Footballer.Simulation.Data", "src\Footballer.Simulation.Data\Footballer.Simulation.Data.csproj", "{60AED1DC-E6AA-45B6-8E36-0E3FB03F7B32}"
EndProject
Project("{FAE04EC0-301F-11D3-BF4B-00C04F79EFBC}") = "Footballer.Simulation.Match", "src\Footballer.Simulation.Match\Footballer.Simulation.Match.csproj", "{8DE123BF-1CEB-4B9C-99D5-71C042CFC243}"
EndProject
Project("{FAE04EC0-301F-11D3-BF4B-00C04F79EFBC}") = "Footballer.Simulation.Fixtures", "src\Footballer.Simulation.Fixtures\Footballer.Simulation.Fixtures.csproj", "{E40B57ED-2DC0-42D7-808A-13A8D549D754}"
EndProject
Project("{FAE04EC0-301F-11D3-BF4B-00C04F79EFBC}") = "Footballer.Simulation.Career", "src\Footballer.Simulation.Career\Footballer.Simulation.Career.csproj", "{DF3452BE-11E2-49D0-A955-3A4D47BC6065}"
EndProject
Project("{FAE04EC0-301F-11D3-BF4B-00C04F79EFBC}") = "Footballer.Simulation.Life", "src\Footballer.Simulation.Life\Footballer.Simulation.Life.csproj", "{1A15D84C-887E-492F-B8DF-6F64B7A53B76}"
EndProject
Project("{FAE04EC0-301F-11D3-BF4B-00C04F79EFBC}") = "Footballer.Simulation.Cli", "src\Footballer.Simulation.Cli\Footballer.Simulation.Cli.csproj", "{5B73604E-F394-474D-9A74-5C82A6E28E87}"
EndProject
Project("{FAE04EC0-301F-11D3-BF4B-00C04F79EFBC}") = "Footballer.Simulation.Tests", "tests\Footballer.Simulation.Tests\Footballer.Simulation.Tests.csproj", "{C31C4F28-D3A9-4405-87D0-2D3F72E39B98}"
EndProject
Project("{FAE04EC0-301F-11D3-BF4B-00C04F79EFBC}") = "Footballer.Simulation.Persistence.Sqlite", "src\Footballer.Simulation.Persistence.Sqlite\Footballer.Simulation.Persistence.Sqlite.csproj", "{A4CA31B4-0E94-4D07-9495-83001DA537A9}"
EndProject
Project("{FAE04EC0-301F-11D3-BF4B-00C04F79EFBC}") = "Footballer.Simulation.Api", "src\Footballer.Simulation.Api\Footballer.Simulation.Api.csproj", "{A1594016-E29B-48A5-8DFE-692F18A790C0}"
EndProject
Global
  GlobalSection(SolutionConfigurationPlatforms) = preSolution
    Debug|Any CPU = Debug|Any CPU
    Release|Any CPU = Release|Any CPU
  EndGlobalSection
  GlobalSection(ProjectConfigurationPlatforms) = postSolution
    {A1594016-E29B-48A5-8DFE-692F18A790C0}.Debug|Any CPU.ActiveCfg = Debug|Any CPU
    {A1594016-E29B-48A5-8DFE-692F18A790C0}.Debug|Any CPU.Build.0 = Debug|Any CPU
    {A1594016-E29B-48A5-8DFE-692F18A790C0}.Release|Any CPU.ActiveCfg = Release|Any CPU
    {A1594016-E29B-48A5-8DFE-692F18A790C0}.Release|Any CPU.Build.0 = Release|Any CPU
    {A1C6DE80-5C52-4A86-91D3-7E841D0F12A1}.Debug|Any CPU.ActiveCfg = Debug|Any CPU
    {A1C6DE80-5C52-4A86-91D3-7E841D0F12A1}.Debug|Any CPU.Build.0 = Debug|Any CPU
    {A1C6DE80-5C52-4A86-91D3-7E841D0F12A1}.Release|Any CPU.ActiveCfg = Release|Any CPU
    {A1C6DE80-5C52-4A86-91D3-7E841D0F12A1}.Release|Any CPU.Build.0 = Release|Any CPU
    {60AED1DC-E6AA-45B6-8E36-0E3FB03F7B32}.Debug|Any CPU.ActiveCfg = Debug|Any CPU
    {60AED1DC-E6AA-45B6-8E36-0E3FB03F7B32}.Debug|Any CPU.Build.0 = Debug|Any CPU
    {60AED1DC-E6AA-45B6-8E36-0E3FB03F7B32}.Release|Any CPU.ActiveCfg = Release|Any CPU
    {60AED1DC-E6AA-45B6-8E36-0E3FB03F7B32}.Release|Any CPU.Build.0 = Release|Any CPU
    {8DE123BF-1CEB-4B9C-99D5-71C042CFC243}.Debug|Any CPU.ActiveCfg = Debug|Any CPU
    {8DE123BF-1CEB-4B9C-99D5-71C042CFC243}.Debug|Any CPU.Build.0 = Debug|Any CPU
    {8DE123BF-1CEB-4B9C-99D5-71C042CFC243}.Release|Any CPU.ActiveCfg = Release|Any CPU
    {8DE123BF-1CEB-4B9C-99D5-71C042CFC243}.Release|Any CPU.Build.0 = Release|Any CPU
    {E40B57ED-2DC0-42D7-808A-13A8D549D754}.Debug|Any CPU.ActiveCfg = Debug|Any CPU
    {E40B57ED-2DC0-42D7-808A-13A8D549D754}.Debug|Any CPU.Build.0 = Debug|Any CPU
    {E40B57ED-2DC0-42D7-808A-13A8D549D754}.Release|Any CPU.ActiveCfg = Release|Any CPU
    {E40B57ED-2DC0-42D7-808A-13A8D549D754}.Release|Any CPU.Build.0 = Release|Any CPU
    {DF3452BE-11E2-49D0-A955-3A4D47BC6065}.Debug|Any CPU.ActiveCfg = Debug|Any CPU
    {DF3452BE-11E2-49D0-A955-3A4D47BC6065}.Debug|Any CPU.Build.0 = Debug|Any CPU
    {DF3452BE-11E2-49D0-A955-3A4D47BC6065}.Release|Any CPU.ActiveCfg = Release|Any CPU
    {DF3452BE-11E2-49D0-A955-3A4D47BC6065}.Release|Any CPU.Build.0 = Release|Any CPU
    {1A15D84C-887E-492F-B8DF-6F64B7A53B76}.Debug|Any CPU.ActiveCfg = Debug|Any CPU
    {1A15D84C-887E-492F-B8DF-6F64B7A53B76}.Debug|Any CPU.Build.0 = Debug|Any CPU
    {1A15D84C-887E-492F-B8DF-6F64B7A53B76}.Release|Any CPU.ActiveCfg = Release|Any CPU
    {1A15D84C-887E-492F-B8DF-6F64B7A53B76}.Release|Any CPU.Build.0 = Release|Any CPU
    {5B73604E-F394-474D-9A74-5C82A6E28E87}.Debug|Any CPU.ActiveCfg = Debug|Any CPU
    {5B73604E-F394-474D-9A74-5C82A6E28E87}.Debug|Any CPU.Build.0 = Debug|Any CPU
    {5B73604E-F394-474D-9A74-5C82A6E28E87}.Release|Any CPU.ActiveCfg = Release|Any CPU
    {5B73604E-F394-474D-9A74-5C82A6E28E87}.Release|Any CPU.Build.0 = Release|Any CPU
    {C31C4F28-D3A9-4405-87D0-2D3F72E39B98}.Debug|Any CPU.ActiveCfg = Debug|Any CPU
    {C31C4F28-D3A9-4405-87D0-2D3F72E39B98}.Debug|Any CPU.Build.0 = Debug|Any CPU
    {C31C4F28-D3A9-4405-87D0-2D3F72E39B98}.Release|Any CPU.ActiveCfg = Release|Any CPU
    {C31C4F28-D3A9-4405-87D0-2D3F72E39B98}.Release|Any CPU.Build.0 = Release|Any CPU
    {A4CA31B4-0E94-4D07-9495-83001DA537A9}.Debug|Any CPU.ActiveCfg = Debug|Any CPU
    {A4CA31B4-0E94-4D07-9495-83001DA537A9}.Debug|Any CPU.Build.0 = Debug|Any CPU
    {A4CA31B4-0E94-4D07-9495-83001DA537A9}.Release|Any CPU.ActiveCfg = Release|Any CPU
    {A4CA31B4-0E94-4D07-9495-83001DA537A9}.Release|Any CPU.Build.0 = Release|Any CPU
  EndGlobalSection
EndGlobal
